
Microsoft Visual Studio Solution File, Format Version 12.00
# Visual Studio Version 17
VisualStudioVersion = 17.9.34728.123
MinimumVisualStudioVersion = 10.0.40219.1
Project("{8BC9CEB8-8B4A-11D0-8D11-00A0C91BC942}") = "BR31", "BR31\BR31.vcxproj", "{DB1A4AE4-D06A-40E9-A5FF-7A99A5E58AEB}"
EndProject
Project("{8BC9CEB8-8B4A-11D0-8D11-00A0C91BC942}") = "WordChainGame", "WordChainGame\WordChainGame.vcxproj", "{8D6ED79C-1B77-4BAB-892F-17A6BF8A6015}"
EndProject
Global
	GlobalSection(SolutionConfigurationPlatforms) = preSolution
		Debug|x64 = Debug|x64
		Debug|x86 = Debug|x86
		Release|x64 = Release|x64
		Release|x86 = Release|x86
	EndGlobalSection
	GlobalSection(ProjectConfigurationPlatforms) = postSolution
		{DB1A4AE4-D06A-40E9-A5FF-7A99A5E58AEB}.Debug|x64.ActiveCfg = Debug|x64
		{DB1A4AE4-D06A-40E9-A5FF-7A99A5E58AEB}.Debug|x64.Build.0 = Debug|x64
		{DB1A4AE4-D06A-40E9-A5FF-7A99A5E58AEB}.Debug|x86.ActiveCfg = Debug|Win32
		{DB1A4AE4-D06A-40E9-A5FF-7A99A5E58AEB}.Debug|x86.Build.0 = Debug|Win32
		{DB1A4AE4-D06A-40E9-A5FF-7A99A5E58AEB}.Release|x64.ActiveCfg = Release|x64
		{DB1A4AE4-D06A-40E9-A5FF-7A99A5E58AEB}.Release|x64.Build.0 = Release|x64
		{DB1A4AE4-D06A-40E9-A5FF-7A99A5E58AEB}.Release|x86.ActiveCfg = Release|Win32
		{DB1A4AE4-D06A-40E9-A5FF-7A99A5E58AEB}.Release|x86.Build.0 = Release|Win32
		{8D6ED79C-1B77-4BAB-892F-17A6BF8A6015}.Debug|x64.ActiveCfg = Debug|x64
		{8D6ED79C-1B77-4BAB-892F-17A6BF8A6015}.Debug|x64.Build.0 = Debug|x64
		{8D6ED79C-1B77-4BAB-892F-17A6BF8A6015}.Debug|x86.ActiveCfg = Debug|Win32
		{8D6ED79C-1B77-4BAB-892F-17A6BF8A6015}.Debug|x86.Build.0 = Debug|Win32
		{8D6ED79C-1B77-4BAB-892F-17A6BF8A6015}.Release|x64.ActiveCfg = Release|x64
		{8D6ED79C-1B77-4BAB-892F-17A6BF8A6015}.Release|x64.Build.0 = Release|x64
		{8D6ED79C-1B77-4BAB-892F-17A6BF8A6015}.Release|x86.ActiveCfg = Release|Win32
		{8D6ED79C-1B77-4BAB-892F-17A6BF8A6015}.Release|x86.Build.0 = Release|Win32
	EndGlobalSection
	GlobalSection(SolutionProperties) = preSolution
		HideSolutionNode = FALSE
	EndGlobalSection
	GlobalSection(ExtensibilityGlobals) = postSolution
		SolutionGuid = {8C39951E-53FD-477E-B0E7-077B384A5D02}
	EndGlobalSection
EndGlobal
